
Microsoft Visual Studio Solution File, Format Version 10.00
# Visual Studio 2008
Project("{8BC9CEB8-8B4A-11D0-8D11-00A0C91BC942}") = "T06ANIM", "T06ANIM.vcproj", "{A8287DF8-5203-4339-8609-0E44F6A86C96}"
EndProject
Global
	GlobalSection(SolutionConfigurationPlatforms) = preSolution
		Debug|Win32 = Debug|Win32
		Release|Win32 = Release|Win32
	EndGlobalSection
	GlobalSection(ProjectConfigurationPlatforms) = postSolution
		{A8287DF8-5203-4339-8609-0E44F6A86C96}.Debug|Win32.ActiveCfg = Debug|Win32
		{A8287DF8-5203-4339-8609-0E44F6A86C96}.Debug|Win32.Build.0 = Debug|Win32
		{A8287DF8-5203-4339-8609-0E44F6A86C96}.Release|Win32.ActiveCfg = Release|Win32
		{A8287DF8-5203-4339-8609-0E44F6A86C96}.Release|Win32.Build.0 = Release|Win32
	EndGlobalSection
	GlobalSection(SolutionProperties) = preSolution
		HideSolutionNode = FALSE
	EndGlobalSection
EndGlobal
